
Microsoft Visual Studio Solution File, Format Version 12.00
# Visual Studio Version 17
VisualStudioVersion = 17.0.31903.59
MinimumVisualStudioVersion = 10.0.40219.1
Project("{FAE04EC0-301F-11D3-BF4B-00C04F79EFBC}") = "Api.Clinic", "Api.Clinic\Api.Clinic.csproj", "{C54A8C0C-043F-43D9-8F77-08848109ACB6}"
EndProject
Project("{FAE04EC0-301F-11D3-BF4B-00C04F79EFBC}") = "Library.Clinic", "..\A1\Library.Clinic\Library.Clinic.csproj", "{6943E871-8C85-4E45-A47B-D7296A0E48A1}"
EndProject
Global
	GlobalSection(SolutionConfigurationPlatforms) = preSolution
		Debug|Any CPU = Debug|Any CPU
		Release|Any CPU = Release|Any CPU
	EndGlobalSection
	GlobalSection(SolutionProperties) = preSolution
		HideSolutionNode = FALSE
	EndGlobalSection
	GlobalSection(ProjectConfigurationPlatforms) = postSolution
		{C54A8C0C-043F-43D9-8F77-08848109ACB6}.Debug|Any CPU.ActiveCfg = Debug|Any CPU
		{C54A8C0C-043F-43D9-8F77-08848109ACB6}.Debug|Any CPU.Build.0 = Debug|Any CPU
		{C54A8C0C-043F-43D9-8F77-08848109ACB6}.Release|Any CPU.ActiveCfg = Release|Any CPU
		{C54A8C0C-043F-43D9-8F77-08848109ACB6}.Release|Any CPU.Build.0 = Release|Any CPU
		{6943E871-8C85-4E45-A47B-D7296A0E48A1}.Debug|Any CPU.ActiveCfg = Debug|Any CPU
		{6943E871-8C85-4E45-A47B-D7296A0E48A1}.Debug|Any CPU.Build.0 = Debug|Any CPU
		{6943E871-8C85-4E45-A47B-D7296A0E48A1}.Release|Any CPU.ActiveCfg = Release|Any CPU
		{6943E871-8C85-4E45-A47B-D7296A0E48A1}.Release|Any CPU.Build.0 = Release|Any CPU
	EndGlobalSection
EndGlobal
