
Microsoft Visual Studio Solution File, Format Version 12.00
# Visual Studio Version 17
VisualStudioVersion = 17.0.31903.59
MinimumVisualStudioVersion = 10.0.40219.1
Project("{FAE04EC0-301F-11D3-BF4B-00C04F79EFBC}") = "A1", "A1\A1.csproj", "{4A0739D8-9021-48ED-9621-A2B4AB05E097}"
EndProject
Project("{FAE04EC0-301F-11D3-BF4B-00C04F79EFBC}") = "Library.Clinic", "Library.Clinic\Library.Clinic.csproj", "{FA8C06C6-B096-4222-BB5A-0A6FA248A8ED}"
EndProject
Project("{FAE04EC0-301F-11D3-BF4B-00C04F79EFBC}") = "App", "App\App.csproj", "{663EEE5A-AC48-4F1F-AED9-B6FDD4A504A7}"
EndProject
Global
	GlobalSection(SolutionConfigurationPlatforms) = preSolution
		Debug|Any CPU = Debug|Any CPU
		Release|Any CPU = Release|Any CPU
	EndGlobalSection
	GlobalSection(ProjectConfigurationPlatforms) = postSolution
		{4A0739D8-9021-48ED-9621-A2B4AB05E097}.Debug|Any CPU.ActiveCfg = Debug|Any CPU
		{4A0739D8-9021-48ED-9621-A2B4AB05E097}.Debug|Any CPU.Build.0 = Debug|Any CPU
		{4A0739D8-9021-48ED-9621-A2B4AB05E097}.Release|Any CPU.ActiveCfg = Release|Any CPU
		{4A0739D8-9021-48ED-9621-A2B4AB05E097}.Release|Any CPU.Build.0 = Release|Any CPU
		{FA8C06C6-B096-4222-BB5A-0A6FA248A8ED}.Debug|Any CPU.ActiveCfg = Debug|Any CPU
		{FA8C06C6-B096-4222-BB5A-0A6FA248A8ED}.Debug|Any CPU.Build.0 = Debug|Any CPU
		{FA8C06C6-B096-4222-BB5A-0A6FA248A8ED}.Release|Any CPU.ActiveCfg = Release|Any CPU
		{FA8C06C6-B096-4222-BB5A-0A6FA248A8ED}.Release|Any CPU.Build.0 = Release|Any CPU
		{663EEE5A-AC48-4F1F-AED9-B6FDD4A504A7}.Debug|Any CPU.ActiveCfg = Debug|Any CPU
		{663EEE5A-AC48-4F1F-AED9-B6FDD4A504A7}.Debug|Any CPU.Build.0 = Debug|Any CPU
		{663EEE5A-AC48-4F1F-AED9-B6FDD4A504A7}.Release|Any CPU.ActiveCfg = Release|Any CPU
		{663EEE5A-AC48-4F1F-AED9-B6FDD4A504A7}.Release|Any CPU.Build.0 = Release|Any CPU
	EndGlobalSection
	GlobalSection(SolutionProperties) = preSolution
		HideSolutionNode = FALSE
	EndGlobalSection
EndGlobal
